PODS:
  - CocoaAsyncSocket (7.5.0):
    - CocoaAsyncSocket/GCD (= 7.5.0)
  - CocoaAsyncSocket/GCD (7.5.0)
  - CocoaLumberjack/Core (2.3.0)
  - CocoaLumberjack/Default (2.3.0):
    - CocoaLumberjack/Core
  - CocoaLumberjack/Extensions (2.3.0):
    - CocoaLumberjack/Default
  - CocoaLumberjack/Swift (2.3.0):
    - CocoaLumberjack/Extensions
  - KissXML (5.1.2):
    - KissXML/Core (= 5.1.2)
  - KissXML/Core (5.1.2)

DEPENDENCIES:
  - CocoaAsyncSocket
  - CocoaLumberjack/Swift
  - KissXML

SPEC CHECKSUMS:
  CocoaAsyncSocket: 3baeb1ddd969f81cf9fca81053ae49ef2d1cbbfa
  CocoaLumberjack: 97fab7ee5f507fe54445cca7ea80f926729cfd15
  KissXML: 246c842586bb77110e04fb88e19376d96245c856

PODFILE CHECKSUM: 15bf5c7292374ee02be96a1b42c1f673d9e9f800

COCOAPODS: 1.0.1
