PODS:
  - Alamofire (2.0.2)
  - Kingfisher (2.4.2)
  - MBProgressHUD (0.9.2)

DEPENDENCIES:
  - Alamofire (~> 2.0)
  - Kingfisher (~> 2.4)
  - MBProgressHUD (~> 0.9.2)

SPEC CHECKSUMS:
  Alamofire: 8edbab00802a752bb5240cc2abe70e7e881488ad
  Kingfisher: 05bf8d04408aaa70fcd2c8c81b9f1d0f1ad313dd
  MBProgressHUD: 1569cf7ace17a8bac47aabfbb8580a49690386d1

PODFILE CHECKSUM: ce1b3bd045309691c42a940d5524d73adefffa89

COCOAPODS: 1.0.1
